
Microsoft Visual Studio Solution File, Format Version 12.00
# Visual Studio Version 17
VisualStudioVersion = 17.14.36511.14
MinimumVisualStudioVersion = 10.0.40219.1
Project("{2150E333-8FDC-42A3-9474-1A3956D46DE8}") = "Task0", "Task0", "{02EA681E-C7D8-13C7-8484-4AC65E1B71E8}"
EndProject
Project("{FAE04EC0-301F-11D3-BF4B-00C04F79EFBC}") = "Tyuiu.KhafizovTV.Sprint3.Task0.V2", "Tyuiu.KhafizovTV.Sprint3.Task0.V2\Tyuiu.KhafizovTV.Sprint3.Task0.V2.csproj", "{A4E233A8-C616-40AB-B78A-BC175B230DF7}"
EndProject
Project("{FAE04EC0-301F-11D3-BF4B-00C04F79EFBC}") = "Tyuiu.KhafizovTV.Sprint3.Task0.V2.Lib", "Tyuiu.KhafizovTV.Sprint3.Task0.V2.Lib\Tyuiu.KhafizovTV.Sprint3.Task0.V2.Lib.csproj", "{C533C178-4A61-47B4-A742-EAAEB1C779B2}"
EndProject
Project("{FAE04EC0-301F-11D3-BF4B-00C04F79EFBC}") = "Tyuiu.KhafizovTV.Sprint3.Task0.V2.Test", "Tyuiu.KhafizovTV.Sprint3.Task0.V2.Test\Tyuiu.KhafizovTV.Sprint3.Task0.V2.Test.csproj", "{9E5BE6A1-5B8A-4CA6-A9AE-7CF33BEBAD24}"
EndProject
Project("{2150E333-8FDC-42A3-9474-1A3956D46DE8}") = "Task1", "Task1", "{3B17D023-E3D8-44EA-A4E0-DD801EE1D934}"
EndProject
Project("{FAE04EC0-301F-11D3-BF4B-00C04F79EFBC}") = "Tyuiu.KhafizovTV.Sprint3.Task1.V7", "Tyuiu.KhafizovTV.Sprint3.Task1.V7\Tyuiu.KhafizovTV.Sprint3.Task1.V7.csproj", "{09BB63B7-34DB-4390-9EAB-53F598EFEF25}"
EndProject
Project("{FAE04EC0-301F-11D3-BF4B-00C04F79EFBC}") = "Tyuiu.KhafizovTV.Sprint3.Task1.V7.Lib", "Tyuiu.KhafizovTV.Sprint3.Task1.V7.Lib\Tyuiu.KhafizovTV.Sprint3.Task1.V7.Lib.csproj", "{EFCCA093-D705-46DC-B00F-95408A8624BB}"
EndProject
Project("{FAE04EC0-301F-11D3-BF4B-00C04F79EFBC}") = "Tyuiu.KhafizovTV.Sprint3.Task1.V7.Test", "Tyuiu.KhafizovTV.Sprint3.Task1.V7.Test\Tyuiu.KhafizovTV.Sprint3.Task1.V7.Test.csproj", "{81231796-7F7D-447F-A268-833E8CDD2306}"
EndProject
Project("{2150E333-8FDC-42A3-9474-1A3956D46DE8}") = "Task2", "Task2", "{2A30CDFC-33F2-4D29-B8B1-2E6EC777BB28}"
EndProject
Project("{FAE04EC0-301F-11D3-BF4B-00C04F79EFBC}") = "Tyuiu.KhafizovTV.Sprint3.Task2.V19", "Tyuiu.KhafizovTV.Sprint3.Task2.V19\Tyuiu.KhafizovTV.Sprint3.Task2.V19.csproj", "{1531DF94-ABD7-4F4F-AE97-31CD67C0C50F}"
EndProject
Project("{FAE04EC0-301F-11D3-BF4B-00C04F79EFBC}") = "Tyuiu.KhafizovTV.Sprint3.Task2.V19.Lib", "Tyuiu.KhafizovTV.Sprint3.Task2.V19.Lib\Tyuiu.KhafizovTV.Sprint3.Task2.V19.Lib.csproj", "{56CF3DDA-0997-494E-A4BA-67B2FE1CDEF8}"
EndProject
Project("{FAE04EC0-301F-11D3-BF4B-00C04F79EFBC}") = "Tyuiu.KhafizovTV.Sprint3.Task2.V19.Test", "Tyuiu.KhafizovTV.Sprint3.Task2.V19.Test\Tyuiu.KhafizovTV.Sprint3.Task2.V19.Test.csproj", "{82E63E23-BCC6-4185-BF75-216550153243}"
EndProject
Project("{2150E333-8FDC-42A3-9474-1A3956D46DE8}") = "Task3", "Task3", "{AD4049F5-A5A9-438B-88BE-DE86AF47A0B4}"
EndProject
Project("{FAE04EC0-301F-11D3-BF4B-00C04F79EFBC}") = "Tyuiu.KhafizovTV.Sprint3.Task3.V16", "Tyuiu.KhafizovTV.Sprint3.Task3.V16\Tyuiu.KhafizovTV.Sprint3.Task3.V16.csproj", "{5BE1C224-A03C-40C3-A400-02F6A821C542}"
EndProject
Project("{FAE04EC0-301F-11D3-BF4B-00C04F79EFBC}") = "Tyuiu.KhafizovTV.Sprint3.Task3.V16.Lib", "Tyuiu.KhafizovTV.Sprint3.Task3.V16.Lib\Tyuiu.KhafizovTV.Sprint3.Task3.V16.Lib.csproj", "{7984E89C-6D68-4D7A-8EC0-3AC89BA9750C}"
EndProject
Project("{FAE04EC0-301F-11D3-BF4B-00C04F79EFBC}") = "Tyuiu.KhafizovTV.Sprint3.Task3.V16.Test", "Tyuiu.KhafizovTV.Sprint3.Task3.V16.Test\Tyuiu.KhafizovTV.Sprint3.Task3.V16.Test.csproj", "{2F3E03DA-F5F6-4DCC-9A9C-D9CA2FAF8B51}"
EndProject
Project("{2150E333-8FDC-42A3-9474-1A3956D46DE8}") = "Task4", "Task4", "{494A872F-3510-4F20-AAE4-BE5676A80CBA}"
EndProject
Project("{FAE04EC0-301F-11D3-BF4B-00C04F79EFBC}") = "Tyuiu.KhafizovTV.Sprint3.Task4.V1.Lib", "Tyuiu.KhafizovTV.Sprint3.Task4.V1.Lib\Tyuiu.KhafizovTV.Sprint3.Task4.V1.Lib.csproj", "{17B341A6-B7E4-44CF-8E1D-01D8CEE08C69}"
EndProject
Project("{FAE04EC0-301F-11D3-BF4B-00C04F79EFBC}") = "Tyuiu.KhafizovTV.Sprint3.Task4.V1.Test", "Tyuiu.KhafizovTV.Sprint3.Task4.V1.Test\Tyuiu.KhafizovTV.Sprint3.Task4.V1.Test.csproj", "{C280FD25-778C-4915-B51B-11C0276A5A19}"
EndProject
Project("{FAE04EC0-301F-11D3-BF4B-00C04F79EFBC}") = "Tyuiu.KhafizovTV.Sprint3.Task4.V1", "Tyuiu.KhafizovTV.Sprint3.Task4.V1\Tyuiu.KhafizovTV.Sprint3.Task4.V1.csproj", "{A8282D06-7AB5-4E74-9F0E-B7DD99097B00}"
EndProject
Project("{2150E333-8FDC-42A3-9474-1A3956D46DE8}") = "Task5", "Task5", "{44A07A36-01F8-42CC-9DA3-EC77DC5ED16C}"
EndProject
Project("{FAE04EC0-301F-11D3-BF4B-00C04F79EFBC}") = "Tyuiu.KhafizovTV.Sprint3.Task5.V6", "Tyuiu.KhafizovTV.Sprint3.Task5.V6\Tyuiu.KhafizovTV.Sprint3.Task5.V6.csproj", "{6CD41D1E-AC02-4335-8AE3-095A9350487F}"
EndProject
Project("{FAE04EC0-301F-11D3-BF4B-00C04F79EFBC}") = "Tyuiu.KhafizovTV.Sprint3.Task5.V6.Lib", "Tyuiu.KhafizovTV.Sprint3.Task5.V6.Lib\Tyuiu.KhafizovTV.Sprint3.Task5.V6.Lib.csproj", "{16769277-3E4D-47DB-9A12-F7984DAD7B56}"
EndProject
Project("{FAE04EC0-301F-11D3-BF4B-00C04F79EFBC}") = "Tyuiu.KhafizovTV.Sprint3.Task5.V6.Test", "Tyuiu.KhafizovTV.Sprint3.Task5.V6.Test\Tyuiu.KhafizovTV.Sprint3.Task5.V6.Test.csproj", "{9E51ED03-08D1-4400-99BB-18EFFB4EFA1C}"
EndProject
Global
	GlobalSection(SolutionConfigurationPlatforms) = preSolution
		Debug|Any CPU = Debug|Any CPU
		Release|Any CPU = Release|Any CPU
	EndGlobalSection
	GlobalSection(ProjectConfigurationPlatforms) = postSolution
		{A4E233A8-C616-40AB-B78A-BC175B230DF7}.Debug|Any CPU.ActiveCfg = Debug|Any CPU
		{A4E233A8-C616-40AB-B78A-BC175B230DF7}.Debug|Any CPU.Build.0 = Debug|Any CPU
		{A4E233A8-C616-40AB-B78A-BC175B230DF7}.Release|Any CPU.ActiveCfg = Release|Any CPU
		{A4E233A8-C616-40AB-B78A-BC175B230DF7}.Release|Any CPU.Build.0 = Release|Any CPU
		{C533C178-4A61-47B4-A742-EAAEB1C779B2}.Debug|Any CPU.ActiveCfg = Debug|Any CPU
		{C533C178-4A61-47B4-A742-EAAEB1C779B2}.Debug|Any CPU.Build.0 = Debug|Any CPU
		{C533C178-4A61-47B4-A742-EAAEB1C779B2}.Release|Any CPU.ActiveCfg = Release|Any CPU
		{C533C178-4A61-47B4-A742-EAAEB1C779B2}.Release|Any CPU.Build.0 = Release|Any CPU
		{9E5BE6A1-5B8A-4CA6-A9AE-7CF33BEBAD24}.Debug|Any CPU.ActiveCfg = Debug|Any CPU
		{9E5BE6A1-5B8A-4CA6-A9AE-7CF33BEBAD24}.Debug|Any CPU.Build.0 = Debug|Any CPU
		{9E5BE6A1-5B8A-4CA6-A9AE-7CF33BEBAD24}.Release|Any CPU.ActiveCfg = Release|Any CPU
		{9E5BE6A1-5B8A-4CA6-A9AE-7CF33BEBAD24}.Release|Any CPU.Build.0 = Release|Any CPU
		{09BB63B7-34DB-4390-9EAB-53F598EFEF25}.Debug|Any CPU.ActiveCfg = Debug|Any CPU
		{09BB63B7-34DB-4390-9EAB-53F598EFEF25}.Debug|Any CPU.Build.0 = Debug|Any CPU
		{09BB63B7-34DB-4390-9EAB-53F598EFEF25}.Release|Any CPU.ActiveCfg = Release|Any CPU
		{09BB63B7-34DB-4390-9EAB-53F598EFEF25}.Release|Any CPU.Build.0 = Release|Any CPU
		{EFCCA093-D705-46DC-B00F-95408A8624BB}.Debug|Any CPU.ActiveCfg = Debug|Any CPU
		{EFCCA093-D705-46DC-B00F-95408A8624BB}.Debug|Any CPU.Build.0 = Debug|Any CPU
		{EFCCA093-D705-46DC-B00F-95408A8624BB}.Release|Any CPU.ActiveCfg = Release|Any CPU
		{EFCCA093-D705-46DC-B00F-95408A8624BB}.Release|Any CPU.Build.0 = Release|Any CPU
		{81231796-7F7D-447F-A268-833E8CDD2306}.Debug|Any CPU.ActiveCfg = Debug|Any CPU
		{81231796-7F7D-447F-A268-833E8CDD2306}.Debug|Any CPU.Build.0 = Debug|Any CPU
		{81231796-7F7D-447F-A268-833E8CDD2306}.Release|Any CPU.ActiveCfg = Release|Any CPU
		{81231796-7F7D-447F-A268-833E8CDD2306}.Release|Any CPU.Build.0 = Release|Any CPU
		{1531DF94-ABD7-4F4F-AE97-31CD67C0C50F}.Debug|Any CPU.ActiveCfg = Debug|Any CPU
		{1531DF94-ABD7-4F4F-AE97-31CD67C0C50F}.Debug|Any CPU.Build.0 = Debug|Any CPU
		{1531DF94-ABD7-4F4F-AE97-31CD67C0C50F}.Release|Any CPU.ActiveCfg = Release|Any CPU
		{1531DF94-ABD7-4F4F-AE97-31CD67C0C50F}.Release|Any CPU.Build.0 = Release|Any CPU
		{56CF3DDA-0997-494E-A4BA-67B2FE1CDEF8}.Debug|Any CPU.ActiveCfg = Debug|Any CPU
		{56CF3DDA-0997-494E-A4BA-67B2FE1CDEF8}.Debug|Any CPU.Build.0 = Debug|Any CPU
		{56CF3DDA-0997-494E-A4BA-67B2FE1CDEF8}.Release|Any CPU.ActiveCfg = Release|Any CPU
		{56CF3DDA-0997-494E-A4BA-67B2FE1CDEF8}.Release|Any CPU.Build.0 = Release|Any CPU
		{82E63E23-BCC6-4185-BF75-216550153243}.Debug|Any CPU.ActiveCfg = Debug|Any CPU
		{82E63E23-BCC6-4185-BF75-216550153243}.Debug|Any CPU.Build.0 = Debug|Any CPU
		{82E63E23-BCC6-4185-BF75-216550153243}.Release|Any CPU.ActiveCfg = Release|Any CPU
		{82E63E23-BCC6-4185-BF75-216550153243}.Release|Any CPU.Build.0 = Release|Any CPU
		{5BE1C224-A03C-40C3-A400-02F6A821C542}.Debug|Any CPU.ActiveCfg = Debug|Any CPU
		{5BE1C224-A03C-40C3-A400-02F6A821C542}.Debug|Any CPU.Build.0 = Debug|Any CPU
		{5BE1C224-A03C-40C3-A400-02F6A821C542}.Release|Any CPU.ActiveCfg = Release|Any CPU
		{5BE1C224-A03C-40C3-A400-02F6A821C542}.Release|Any CPU.Build.0 = Release|Any CPU
		{7984E89C-6D68-4D7A-8EC0-3AC89BA9750C}.Debug|Any CPU.ActiveCfg = Debug|Any CPU
		{7984E89C-6D68-4D7A-8EC0-3AC89BA9750C}.Debug|Any CPU.Build.0 = Debug|Any CPU
		{7984E89C-6D68-4D7A-8EC0-3AC89BA9750C}.Release|Any CPU.ActiveCfg = Release|Any CPU
		{7984E89C-6D68-4D7A-8EC0-3AC89BA9750C}.Release|Any CPU.Build.0 = Release|Any CPU
		{2F3E03DA-F5F6-4DCC-9A9C-D9CA2FAF8B51}.Debug|Any CPU.ActiveCfg = Debug|Any CPU
		{2F3E03DA-F5F6-4DCC-9A9C-D9CA2FAF8B51}.Debug|Any CPU.Build.0 = Debug|Any CPU
		{2F3E03DA-F5F6-4DCC-9A9C-D9CA2FAF8B51}.Release|Any CPU.ActiveCfg = Release|Any CPU
		{2F3E03DA-F5F6-4DCC-9A9C-D9CA2FAF8B51}.Release|Any CPU.Build.0 = Release|Any CPU
		{17B341A6-B7E4-44CF-8E1D-01D8CEE08C69}.Debug|Any CPU.ActiveCfg = Debug|Any CPU
		{17B341A6-B7E4-44CF-8E1D-01D8CEE08C69}.Debug|Any CPU.Build.0 = Debug|Any CPU
		{17B341A6-B7E4-44CF-8E1D-01D8CEE08C69}.Release|Any CPU.ActiveCfg = Release|Any CPU
		{17B341A6-B7E4-44CF-8E1D-01D8CEE08C69}.Release|Any CPU.Build.0 = Release|Any CPU
		{C280FD25-778C-4915-B51B-11C0276A5A19}.Debug|Any CPU.ActiveCfg = Debug|Any CPU
		{C280FD25-778C-4915-B51B-11C0276A5A19}.Debug|Any CPU.Build.0 = Debug|Any CPU
		{C280FD25-778C-4915-B51B-11C0276A5A19}.Release|Any CPU.ActiveCfg = Release|Any CPU
		{C280FD25-778C-4915-B51B-11C0276A5A19}.Release|Any CPU.Build.0 = Release|Any CPU
		{A8282D06-7AB5-4E74-9F0E-B7DD99097B00}.Debug|Any CPU.ActiveCfg = Debug|Any CPU
		{A8282D06-7AB5-4E74-9F0E-B7DD99097B00}.Debug|Any CPU.Build.0 = Debug|Any CPU
		{A8282D06-7AB5-4E74-9F0E-B7DD99097B00}.Release|Any CPU.ActiveCfg = Release|Any CPU
		{A8282D06-7AB5-4E74-9F0E-B7DD99097B00}.Release|Any CPU.Build.0 = Release|Any CPU
		{6CD41D1E-AC02-4335-8AE3-095A9350487F}.Debug|Any CPU.ActiveCfg = Debug|Any CPU
		{6CD41D1E-AC02-4335-8AE3-095A9350487F}.Debug|Any CPU.Build.0 = Debug|Any CPU
		{6CD41D1E-AC02-4335-8AE3-095A9350487F}.Release|Any CPU.ActiveCfg = Release|Any CPU
		{6CD41D1E-AC02-4335-8AE3-095A9350487F}.Release|Any CPU.Build.0 = Release|Any CPU
		{16769277-3E4D-47DB-9A12-F7984DAD7B56}.Debug|Any CPU.ActiveCfg = Debug|Any CPU
		{16769277-3E4D-47DB-9A12-F7984DAD7B56}.Debug|Any CPU.Build.0 = Debug|Any CPU
		{16769277-3E4D-47DB-9A12-F7984DAD7B56}.Release|Any CPU.ActiveCfg = Release|Any CPU
		{16769277-3E4D-47DB-9A12-F7984DAD7B56}.Release|Any CPU.Build.0 = Release|Any CPU
		{9E51ED03-08D1-4400-99BB-18EFFB4EFA1C}.Debug|Any CPU.ActiveCfg = Debug|Any CPU
		{9E51ED03-08D1-4400-99BB-18EFFB4EFA1C}.Debug|Any CPU.Build.0 = Debug|Any CPU
		{9E51ED03-08D1-4400-99BB-18EFFB4EFA1C}.Release|Any CPU.ActiveCfg = Release|Any CPU
		{9E51ED03-08D1-4400-99BB-18EFFB4EFA1C}.Release|Any CPU.Build.0 = Release|Any CPU
	EndGlobalSection
	GlobalSection(SolutionProperties) = preSolution
		HideSolutionNode = FALSE
	EndGlobalSection
	GlobalSection(NestedProjects) = preSolution
		{A4E233A8-C616-40AB-B78A-BC175B230DF7} = {02EA681E-C7D8-13C7-8484-4AC65E1B71E8}
		{C533C178-4A61-47B4-A742-EAAEB1C779B2} = {02EA681E-C7D8-13C7-8484-4AC65E1B71E8}
		{9E5BE6A1-5B8A-4CA6-A9AE-7CF33BEBAD24} = {02EA681E-C7D8-13C7-8484-4AC65E1B71E8}
		{09BB63B7-34DB-4390-9EAB-53F598EFEF25} = {3B17D023-E3D8-44EA-A4E0-DD801EE1D934}
		{EFCCA093-D705-46DC-B00F-95408A8624BB} = {3B17D023-E3D8-44EA-A4E0-DD801EE1D934}
		{81231796-7F7D-447F-A268-833E8CDD2306} = {3B17D023-E3D8-44EA-A4E0-DD801EE1D934}
		{1531DF94-ABD7-4F4F-AE97-31CD67C0C50F} = {2A30CDFC-33F2-4D29-B8B1-2E6EC777BB28}
		{56CF3DDA-0997-494E-A4BA-67B2FE1CDEF8} = {2A30CDFC-33F2-4D29-B8B1-2E6EC777BB28}
		{82E63E23-BCC6-4185-BF75-216550153243} = {2A30CDFC-33F2-4D29-B8B1-2E6EC777BB28}
		{5BE1C224-A03C-40C3-A400-02F6A821C542} = {AD4049F5-A5A9-438B-88BE-DE86AF47A0B4}
		{7984E89C-6D68-4D7A-8EC0-3AC89BA9750C} = {AD4049F5-A5A9-438B-88BE-DE86AF47A0B4}
		{2F3E03DA-F5F6-4DCC-9A9C-D9CA2FAF8B51} = {AD4049F5-A5A9-438B-88BE-DE86AF47A0B4}
		{17B341A6-B7E4-44CF-8E1D-01D8CEE08C69} = {494A872F-3510-4F20-AAE4-BE5676A80CBA}
		{C280FD25-778C-4915-B51B-11C0276A5A19} = {494A872F-3510-4F20-AAE4-BE5676A80CBA}
		{A8282D06-7AB5-4E74-9F0E-B7DD99097B00} = {494A872F-3510-4F20-AAE4-BE5676A80CBA}
		{6CD41D1E-AC02-4335-8AE3-095A9350487F} = {44A07A36-01F8-42CC-9DA3-EC77DC5ED16C}
		{16769277-3E4D-47DB-9A12-F7984DAD7B56} = {44A07A36-01F8-42CC-9DA3-EC77DC5ED16C}
		{9E51ED03-08D1-4400-99BB-18EFFB4EFA1C} = {44A07A36-01F8-42CC-9DA3-EC77DC5ED16C}
	EndGlobalSection
	GlobalSection(ExtensibilityGlobals) = postSolution
		SolutionGuid = {95FCE5A5-DC10-4933-AB7E-402A005CA060}
	EndGlobalSection
EndGlobal
